<?xml version="1.0" encoding="utf-8"?>
<Project ToolsVersion="4.0" xmlns="http://schemas.microsoft.com/developer/msbuild/2003">
  <ItemGroup>
    <ClCompile Include="IBoosterParams.cpp" />
    <ClCompile Include="IDecisionTree.cpp" />
    <ClCompile Include="Tree.cpp" />
    <ClCompile Include="ITuning.cpp" />
    <ClCompile Include="IDataset.cpp" />
    <ClCompile Include="TreeNode.cpp" />
    <ClCompile Include="pc.h" />
    <ClCompile Include="..\..\Framework\source\dllmain.cpp" />
  </ItemGroup>
  <ItemGroup>
    <ClInclude Include="Exports.h">
      <Filter>Headers</Filter>
    </ClInclude>
    <ClInclude Include="Calculate.h">
      <Filter>Headers</Filter>
    </ClInclude>
    <ClInclude Include="IDecisionTree.h">
      <Filter>Headers</Filter>
    </ClInclude>
    <ClInclude Include="IBoosterParams.h">
      <Filter>Headers</Filter>
    </ClInclude>
    <ClInclude Include="Tree.h">
      <Filter>Headers</Filter>
    </ClInclude>
    <ClInclude Include="IBooster.h">
      <Filter>Headers</Filter>
    </ClInclude>
    <ClInclude Include="ITuning.h">
      <Filter>Headers</Filter>
    </ClInclude>
    <ClInclude Include="IDataset.h">
      <Filter>Headers</Filter>
    </ClInclude>
    <ClInclude Include="ParamResults.h">
      <Filter>Headers</Filter>
    </ClInclude>
    <ClInclude Include="TreeNode.h">
      <Filter>Headers</Filter>
    </ClInclude>
  </ItemGroup>
  <ItemGroup>
    <Filter Include="Headers">
      <UniqueIdentifier>{aed55984-5ca2-4422-96ea-9556cdef43e3}</UniqueIdentifier>
    </Filter>
  </ItemGroup>
</Project>